
Microsoft Visual Studio Solution File, Format Version 12.00
# Visual Studio Version 17
VisualStudioVersion = 17.9.34728.123
MinimumVisualStudioVersion = 10.0.40219.1
Project("{9A19103F-16F7-4668-BE54-9A1E7A4F7556}") = "Onatrix_umbracoCMS", "Onatrix_umbracoCMS\Onatrix_umbracoCMS.csproj", "{8936AFC9-2F72-4ECD-9229-D5185035D537}"
EndProject
Global
	GlobalSection(SolutionConfigurationPlatforms) = preSolution
		Debug|Any CPU = Debug|Any CPU
		LIVE|Any CPU = LIVE|Any CPU
		UAT|Any CPU = UAT|Any CPU
	EndGlobalSection
	GlobalSection(ProjectConfigurationPlatforms) = postSolution
		{8936AFC9-2F72-4ECD-9229-D5185035D537}.Debug|Any CPU.ActiveCfg = Debug|Any CPU
		{8936AFC9-2F72-4ECD-9229-D5185035D537}.Debug|Any CPU.Build.0 = Debug|Any CPU
		{8936AFC9-2F72-4ECD-9229-D5185035D537}.LIVE|Any CPU.ActiveCfg = LIVE|Any CPU
		{8936AFC9-2F72-4ECD-9229-D5185035D537}.LIVE|Any CPU.Build.0 = LIVE|Any CPU
		{8936AFC9-2F72-4ECD-9229-D5185035D537}.UAT|Any CPU.ActiveCfg = UAT|Any CPU
		{8936AFC9-2F72-4ECD-9229-D5185035D537}.UAT|Any CPU.Build.0 = UAT|Any CPU
	EndGlobalSection
	GlobalSection(SolutionProperties) = preSolution
		HideSolutionNode = FALSE
	EndGlobalSection
	GlobalSection(ExtensibilityGlobals) = postSolution
		SolutionGuid = {B37E2B6E-7CE5-46BD-B8B6-B5A6561FAB31}
	EndGlobalSection
EndGlobal
